
Microsoft Visual Studio Solution File, Format Version 12.00
# Visual Studio 15
VisualStudioVersion = 15.0.28307.705
MinimumVisualStudioVersion = 10.0.40219.1
Project("{FAE04EC0-301F-11D3-BF4B-00C04F79EFBC}") = "TestsUserDirStructure", "TestsUserDirStructure\TestsUserDirStructure.csproj", "{4FFFF305-E8FB-466E-A519-29A92441FBE4}"
EndProject
Project("{FAE04EC0-301F-11D3-BF4B-00C04F79EFBC}") = "UserDirStructure", "UserDirStructure\UserDirStructure.csproj", "{94AB4D35-CF63-4551-8E77-5DC7339CDF22}"
EndProject
Global
	GlobalSection(SolutionConfigurationPlatforms) = preSolution
		Debug|Any CPU = Debug|Any CPU
		Release|Any CPU = Release|Any CPU
	EndGlobalSection
	GlobalSection(ProjectConfigurationPlatforms) = postSolution
		{4FFFF305-E8FB-466E-A519-29A92441FBE4}.Debug|Any CPU.ActiveCfg = Debug|Any CPU
		{4FFFF305-E8FB-466E-A519-29A92441FBE4}.Debug|Any CPU.Build.0 = Debug|Any CPU
		{4FFFF305-E8FB-466E-A519-29A92441FBE4}.Release|Any CPU.ActiveCfg = Release|Any CPU
		{4FFFF305-E8FB-466E-A519-29A92441FBE4}.Release|Any CPU.Build.0 = Release|Any CPU
		{94AB4D35-CF63-4551-8E77-5DC7339CDF22}.Debug|Any CPU.ActiveCfg = Debug|Any CPU
		{94AB4D35-CF63-4551-8E77-5DC7339CDF22}.Debug|Any CPU.Build.0 = Debug|Any CPU
		{94AB4D35-CF63-4551-8E77-5DC7339CDF22}.Release|Any CPU.ActiveCfg = Release|Any CPU
		{94AB4D35-CF63-4551-8E77-5DC7339CDF22}.Release|Any CPU.Build.0 = Release|Any CPU
	EndGlobalSection
	GlobalSection(SolutionProperties) = preSolution
		HideSolutionNode = FALSE
	EndGlobalSection
	GlobalSection(ExtensibilityGlobals) = postSolution
		SolutionGuid = {8988F761-2A2F-4387-AD7C-379D0445EF23}
	EndGlobalSection
EndGlobal
